
Microsoft Visual Studio Solution File, Format Version 12.00
# Visual Studio Version 17
VisualStudioVersion = 17.8.34330.188
MinimumVisualStudioVersion = 10.0.40219.1
Project("{FAE04EC0-301F-11D3-BF4B-00C04F79EFBC}") = "ZtGfxPluginPDN", "ZtGfxPluginPDN.csproj", "{23AE24A4-FAE2-409F-B0C2-8CE282C7C13A}"
EndProject
Global
	GlobalSection(SolutionConfigurationPlatforms) = preSolution
		Debug|Any CPU = Debug|Any CPU
		Release|Any CPU = Release|Any CPU
	EndGlobalSection
	GlobalSection(ProjectConfigurationPlatforms) = postSolution
		{23AE24A4-FAE2-409F-B0C2-8CE282C7C13A}.Debug|Any CPU.ActiveCfg = Debug|Any CPU
		{23AE24A4-FAE2-409F-B0C2-8CE282C7C13A}.Debug|Any CPU.Build.0 = Debug|Any CPU
		{23AE24A4-FAE2-409F-B0C2-8CE282C7C13A}.Release|Any CPU.ActiveCfg = Release|Any CPU
		{23AE24A4-FAE2-409F-B0C2-8CE282C7C13A}.Release|Any CPU.Build.0 = Release|Any CPU
	EndGlobalSection
	GlobalSection(SolutionProperties) = preSolution
		HideSolutionNode = FALSE
	EndGlobalSection
	GlobalSection(ExtensibilityGlobals) = postSolution
		SolutionGuid = {35C4ED8F-0B18-4C44-8DB1-79AB2AB77DFC}
	EndGlobalSection
EndGlobal
